
Microsoft Visual Studio Solution File, Format Version 12.00
# Visual Studio Version 17
VisualStudioVersion = 17.12.35707.178 d17.12
MinimumVisualStudioVersion = 10.0.40219.1
Project("{FAE04EC0-301F-11D3-BF4B-00C04F79EFBC}") = "Common-Global-Exception-Handling-dotnet", "Common-Global-Exception-Handling-dotnet\Common-Global-Exception-Handling-dotnet.csproj", "{BBA87307-B25A-4805-B764-F5929900E684}"
EndProject
Global
	GlobalSection(SolutionConfigurationPlatforms) = preSolution
		Debug|Any CPU = Debug|Any CPU
		Release|Any CPU = Release|Any CPU
	EndGlobalSection
	GlobalSection(ProjectConfigurationPlatforms) = postSolution
		{BBA87307-B25A-4805-B764-F5929900E684}.Debug|Any CPU.ActiveCfg = Debug|Any CPU
		{BBA87307-B25A-4805-B764-F5929900E684}.Debug|Any CPU.Build.0 = Debug|Any CPU
		{BBA87307-B25A-4805-B764-F5929900E684}.Release|Any CPU.ActiveCfg = Release|Any CPU
		{BBA87307-B25A-4805-B764-F5929900E684}.Release|Any CPU.Build.0 = Release|Any CPU
	EndGlobalSection
	GlobalSection(SolutionProperties) = preSolution
		HideSolutionNode = FALSE
	EndGlobalSection
EndGlobal
